// !$*UTF8*$!
{
	archiveVersion = 1;
	classes = {
	};
	objectVersion = 46;
	objects = {

/* Begin PBXBuildFile section */
		2F73015D1C4575D2009932F8 /* AppDelegate.swift in Sources */ = {isa = PBXBuildFile; fileRef = 2F73015C1C4575D2009932F8 /* AppDelegate.swift */; };
		2F73015F1C4575D2009932F8 /* ViewController.swift in Sources */ = {isa = PBXBuildFile; fileRef = 2F73015E1C4575D2009932F8 /* ViewController.swift */; };
		2F7301621C4575D2009932F8 /* Main.storyboard in Resources */ = {isa = PBXBuildFile; fileRef = 2F7301601C4575D2009932F8 /* Main.storyboard */; };
		2F7301641C4575D2009932F8 /* Assets.xcassets in Resources */ = {isa = PBXBuildFile; fileRef = 2F7301631C4575D2009932F8 /* Assets.xcassets */; };
		2F7301671C4575D2009932F8 /* LaunchScreen.storyboard in Resources */ = {isa = PBXBuildFile; fileRef = 2F7301651C4575D2009932F8 /* LaunchScreen.storyboard */; };
		2F7301721C4575D2009932F8 /* SOLIDExampleTests.swift in Sources */ = {isa = PBXBuildFile; fileRef = 2F7301711C4575D2009932F8 /* SOLIDExampleTests.swift */; };
/* End PBXBuildFile section */

/* Begin PBXContainerItemProxy section */
		2F73016E1C4575D2009932F8 /* PBXContainerItemProxy */ = {
			isa = PBXContainerItemProxy;
			containerPortal = 2F7301511C4575D2009932F8 /* Project object */;
			proxyType = 1;
			remoteGlobalIDString = 2F7301581C4575D2009932F8;
			remoteInfo = SOLIDExample;
		};
/* End PBXContainerItemProxy section */

/* Begin PBXFileReference section */
		2F7301591C4575D2009932F8 /* SOLIDExample.app */ = {isa = PBXFileReference; explicitFileType = wrapper.application; includeInIndex = 0; path = SOLIDExample.app; sourceTree = BUILT_PRODUCTS_DIR; };
		2F73015C1C4575D2009932F8 /* AppDelegate.swift */ = {isa = PBXFileReference; lastKnownFileType = sourcecode.swift; path = AppDelegate.swift; sourceTree = "<group>"; };
		2F73015E1C4575D2009932F8 /* ViewController.swift */ = {isa = PBXFileReference; lastKnownFileType = sourcecode.swift; path = ViewController.swift; sourceTree = "<group>"; };
		2F7301611C4575D2009932F8 /* Base */ = {isa = PBXFileReference; lastKnownFileType = file.storyboard; name = Base; path = Base.lproj/Main.storyboard; sourceTree = "<group>"; };
		2F7301631C4575D2009932F8 /* Assets.xcassets */ = {isa = PBXFileReference; lastKnownFileType = folder.assetcatalog; path = Assets.xcassets; sourceTree = "<group>"; };
		2F7301661C4575D2009932F8 /* Base */ = {isa = PBXFileReference; lastKnownFileType = file.storyboard; name = Base; path = Base.lproj/LaunchScreen.storyboard; sourceTree = "<group>"; };
		2F7301681C4575D2009932F8 /* Info.plist */ = {isa = PBXFileReference; lastKnownFileType = text.plist.xml; path = Info.plist; sourceTree = "<group>"; };
		2F73016D1C4575D2009932F8 /* SOLIDExampleTests.xctest */ = {isa = PBXFileReference; explicitFileType = wrapper.cfbundle; includeInIndex = 0; path = SOLIDExampleTests.xctest; sourceTree = BUILT_PRODUCTS_DIR; };
		2F7301711C4575D2009932F8 /* SOLIDExampleTests.swift */ = {isa = PBXFileReference; lastKnownFileType = sourcecode.swift; path = SOLIDExampleTests.swift; sourceTree = "<group>"; };
		2F7301731C4575D2009932F8 /* Info.plist */ = {isa = PBXFileReference; lastKnownFileType = text.plist.xml; path = Info.plist; sourceTree = "<group>"; };
/* End PBXFileReference section */

/* Begin PBXFrameworksBuildPhase section */
		2F7301561C4575D2009932F8 /* Frameworks */ = {
			isa = PBXFrameworksBuildPhase;
			buildActionMask = 2147483647;
			files = (
			);
			runOnlyForDeploymentPostprocessing = 0;
		};
		2F73016A1C4575D2009932F8 /* Frameworks */ = {
			isa = PBXFrameworksBuildPhase;
			buildActionMask = 2147483647;
			files = (
			);
			runOnlyForDeploymentPostprocessing = 0;
		};
/* End PBXFrameworksBuildPhase section */

/* Begin PBXGroup section */
		2F7301501C4575D2009932F8 = {
			isa = PBXGroup;
			children = (
				2F73015B1C4575D2009932F8 /* SOLIDExample */,
				2F7301701C4575D2009932F8 /* SOLIDExampleTests */,
				2F73015A1C4575D2009932F8 /* Products */,
			);
			sourceTree = "<group>";
		};
		2F73015A1C4575D2009932F8 /* Products */ = {
			isa = PBXGroup;
			children = (
				2F7301591C4575D2009932F8 /* SOLIDExample.app */,
				2F73016D1C4575D2009932F8 /* SOLIDExampleTests.xctest */,
			);
			name = Products;
			sourceTree = "<group>";
		};
		2F73015B1C4575D2009932F8 /* SOLIDExample */ = {
			isa = PBXGroup;
			children = (
				2F73015C1C4575D2009932F8 /* AppDelegate.swift */,
				2F73015E1C4575D2009932F8 /* ViewController.swift */,
				2F7301601C4575D2009932F8 /* Main.storyboard */,
				2F7301631C4575D2009932F8 /* Assets.xcassets */,
				2F7301651C4575D2009932F8 /* LaunchScreen.storyboard */,
				2F7301681C4575D2009932F8 /* Info.plist */,
			);
			path = SOLIDExample;
			sourceTree = "<group>";
		};
		2F7301701C4575D2009932F8 /* SOLIDExampleTests */ = {
			isa = PBXGroup;
			children = (
				2F7301711C4575D2009932F8 /* SOLIDExampleTests.swift */,
				2F7301731C4575D2009932F8 /* Info.plist */,
			);
			path = SOLIDExampleTests;
			sourceTree = "<group>";
		};
/* End PBXGroup section */

/* Begin PBXNativeTarget section */
		2F7301581C4575D2009932F8 /* SOLIDExample */ = {
			isa = PBXNativeTarget;
			buildConfigurationList = 2F7301761C4575D2009932F8 /* Build configuration list for PBXNativeTarget "SOLIDExample" */;
			buildPhases = (
				2F7301551C4575D2009932F8 /* Sources */,
				2F7301561C4575D2009932F8 /* Frameworks */,
				2F7301571C4575D2009932F8 /* Resources */,
			);
			buildRules = (
			);
			dependencies = (
			);
			name = SOLIDExample;
			productName = SOLIDExample;
			productReference = 2F7301591C4575D2009932F8 /* SOLIDExample.app */;
			productType = "com.apple.product-type.application";
		};
		2F73016C1C4575D2009932F8 /* SOLIDExampleTests */ = {
			isa = PBXNativeTarget;
			buildConfigurationList = 2F7301791C4575D2009932F8 /* Build configuration list for PBXNativeTarget "SOLIDExampleTests" */;
			buildPhases = (
				2F7301691C4575D2009932F8 /* Sources */,
				2F73016A1C4575D2009932F8 /* Frameworks */,
				2F73016B1C4575D2009932F8 /* Resources */,
			);
			buildRules = (
			);
			dependencies = (
				2F73016F1C4575D2009932F8 /* PBXTargetDependency */,
			);
			name = SOLIDExampleTests;
			productName = SOLIDExampleTests;
			productReference = 2F73016D1C4575D2009932F8 /* SOLIDExampleTests.xctest */;
			productType = "com.apple.product-type.bundle.unit-test";
		};
/* End PBXNativeTarget section */

/* Begin PBXProject section */
		2F7301511C4575D2009932F8 /* Project object */ = {
			isa = PBXProject;
			attributes = {
				LastSwiftUpdateCheck = 0720;
				LastUpgradeCheck = 0720;
				ORGANIZATIONNAME = "Prolific Interactive";
				TargetAttributes = {
					2F7301581C4575D2009932F8 = {
						CreatedOnToolsVersion = 7.2;
					};
					2F73016C1C4575D2009932F8 = {
						CreatedOnToolsVersion = 7.2;
						TestTargetID = 2F7301581C4575D2009932F8;
					};
				};
			};
			buildConfigurationList = 2F7301541C4575D2009932F8 /* Build configuration list for PBXProject "SOLIDExample" */;
			compatibilityVersion = "Xcode 3.2";
			developmentRegion = English;
			hasScannedForEncodings = 0;
			knownRegions = (
				en,
				Base,
			);
			mainGroup = 2F7301501C4575D2009932F8;
			productRefGroup = 2F73015A1C4575D2009932F8 /* Products */;
			projectDirPath = "";
			projectRoot = "";
			targets = (
				2F7301581C4575D2009932F8 /* SOLIDExample */,
				2F73016C1C4575D2009932F8 /* SOLIDExampleTests */,
			);
		};
/* End PBXProject section */

/* Begin PBXResourcesBuildPhase section */
		2F7301571C4575D2009932F8 /* Resources */ = {
			isa = PBXResourcesBuildPhase;
			buildActionMask = 2147483647;
			files = (
				2F7301671C4575D2009932F8 /* LaunchScreen.storyboard in Resources */,
				2F7301641C4575D2009932F8 /* Assets.xcassets in Resources */,
				2F7301621C4575D2009932F8 /* Main.storyboard in Resources */,
			);
			runOnlyForDeploymentPostprocessing = 0;
		};
		2F73016B1C4575D2009932F8 /* Resources */ = {
			isa = PBXResourcesBuildPhase;
			buildActionMask = 2147483647;
			files = (
			);
			runOnlyForDeploymentPostprocessing = 0;
		};
/* End PBXResourcesBuildPhase section */

/* Begin PBXSourcesBuildPhase section */
		2F7301551C4575D2009932F8 /* Sources */ = {
			isa = PBXSourcesBuildPhase;
			buildActionMask = 2147483647;
			files = (
				2F73015F1C4575D2009932F8 /* ViewController.swift in Sources */,
				2F73015D1C4575D2009932F8 /* AppDelegate.swift in Sources */,
			);
			runOnlyForDeploymentPostprocessing = 0;
		};
		2F7301691C4575D2009932F8 /* Sources */ = {
			isa = PBXSourcesBuildPhase;
			buildActionMask = 2147483647;
			files = (
				2F7301721C4575D2009932F8 /* SOLIDExampleTests.swift in Sources */,
			);
			runOnlyForDeploymentPostprocessing = 0;
		};
/* End PBXSourcesBuildPhase section */

/* Begin PBXTargetDependency section */
		2F73016F1C4575D2009932F8 /* PBXTargetDependency */ = {
			isa = PBXTargetDependency;
			target = 2F7301581C4575D2009932F8 /* SOLIDExample */;
			targetProxy = 2F73016E1C4575D2009932F8 /* PBXContainerItemProxy */;
		};
/* End PBXTargetDependency section */

/* Begin PBXVariantGroup section */
		2F7301601C4575D2009932F8 /* Main.storyboard */ = {
			isa = PBXVariantGroup;
			children = (
				2F7301611C4575D2009932F8 /* Base */,
			);
			name = Main.storyboard;
			sourceTree = "<group>";
		};
		2F7301651C4575D2009932F8 /* LaunchScreen.storyboard */ = {
			isa = PBXVariantGroup;
			children = (
				2F7301661C4575D2009932F8 /* Base */,
			);
			name = LaunchScreen.storyboard;
			sourceTree = "<group>";
		};
/* End PBXVariantGroup section */

/* Begin XCBuildConfiguration section */
		2F7301741C4575D2009932F8 /* Debug */ = {
			isa = XCBuildConfiguration;
			buildSettings = {
				ALWAYS_SEARCH_USER_PATHS = NO;
				CLANG_CXX_LANGUAGE_STANDARD = "gnu++0x";
				CLANG_CXX_LIBRARY = "libc++";
				CLANG_ENABLE_MODULES = YES;
				CLANG_ENABLE_OBJC_ARC = YES;
				CLANG_WARN_BOOL_CONVERSION = YES;
				CLANG_WARN_CONSTANT_CONVERSION = YES;
				CLANG_WARN_DIRECT_OBJC_ISA_USAGE = YES_ERROR;
				CLANG_WARN_EMPTY_BODY = YES;
				CLANG_WARN_ENUM_CONVERSION = YES;
				CLANG_WARN_INT_CONVERSION = YES;
				CLANG_WARN_OBJC_ROOT_CLASS = YES_ERROR;
				CLANG_WARN_UNREACHABLE_CODE = YES;
				CLANG_WARN__DUPLICATE_METHOD_MATCH = YES;
				"CODE_SIGN_IDENTITY[sdk=iphoneos*]" = "iPhone Developer";
				COPY_PHASE_STRIP = NO;
				DEBUG_INFORMATION_FORMAT = dwarf;
				ENABLE_STRICT_OBJC_MSGSEND = YES;
				ENABLE_TESTABILITY = YES;
				GCC_C_LANGUAGE_STANDARD = gnu99;
				GCC_DYNAMIC_NO_PIC = NO;
				GCC_NO_COMMON_BLOCKS = YES;
				GCC_OPTIMIZATION_LEVEL = 0;
				GCC_PREPROCESSOR_DEFINITIONS = (
					"DEBUG=1",
					"$(inherited)",
				);
				GCC_WARN_64_TO_32_BIT_CONVERSION = YES;
				GCC_WARN_ABOUT_RETURN_TYPE = YES_ERROR;
				GCC_WARN_UNDECLARED_SELECTOR = YES;
				GCC_WARN_UNINITIALIZED_AUTOS = YES_AGGRESSIVE;
				GCC_WARN_UNUSED_FUNCTION = YES;
				GCC_WARN_UNUSED_VARIABLE = YES;
				IPHONEOS_DEPLOYMENT_TARGET = 9.2;
				MTL_ENABLE_DEBUG_INFO = YES;
				ONLY_ACTIVE_ARCH = YES;
				SDKROOT = iphoneos;
				SWIFT_OPTIMIZATION_LEVEL = "-Onone";
			};
			name = Debug;
		};
		2F7301751C4575D2009932F8 /* Release */ = {
			isa = XCBuildConfiguration;
			buildSettings = {
				ALWAYS_SEARCH_USER_PATHS = NO;
				CLANG_CXX_LANGUAGE_STANDARD = "gnu++0x";
				CLANG_CXX_LIBRARY = "libc++";
				CLANG_ENABLE_MODULES = YES;
				CLANG_ENABLE_OBJC_ARC = YES;
				CLANG_WARN_BOOL_CONVERSION = YES;
				CLANG_WARN_CONSTANT_CONVERSION = YES;
				CLANG_WARN_DIRECT_OBJC_ISA_USAGE = YES_ERROR;
				CLANG_WARN_EMPTY_BODY = YES;
				CLANG_WARN_ENUM_CONVERSION = YES;
				CLANG_WARN_INT_CONVERSION = YES;
				CLANG_WARN_OBJC_ROOT_CLASS = YES_ERROR;
				CLANG_WARN_UNREACHABLE_CODE = YES;
				CLANG_WARN__DUPLICATE_METHOD_MATCH = YES;
				"CODE_SIGN_IDENTITY[sdk=iphoneos*]" = "iPhone Developer";
				COPY_PHASE_STRIP = NO;
				DEBUG_INFORMATION_FORMAT = "dwarf-with-dsym";
				ENABLE_NS_ASSERTIONS = NO;
				ENABLE_STRICT_OBJC_MSGSEND = YES;
				GCC_C_LANGUAGE_STANDARD = gnu99;
				GCC_NO_COMMON_BLOCKS = YES;
				GCC_WARN_64_TO_32_BIT_CONVERSION = YES;
				GCC_WARN_ABOUT_RETURN_TYPE = YES_ERROR;
				GCC_WARN_UNDECLARED_SELECTOR = YES;
				GCC_WARN_UNINITIALIZED_AUTOS = YES_AGGRESSIVE;
				GCC_WARN_UNUSED_FUNCTION = YES;
				GCC_WARN_UNUSED_VARIABLE = YES;
				IPHONEOS_DEPLOYMENT_TARGET = 9.2;
				MTL_ENABLE_DEBUG_INFO = NO;
				SDKROOT = iphoneos;
				VALIDATE_PRODUCT = YES;
			};
			name = Release;
		};
		2F7301771C4575D2009932F8 /* Debug */ = {
			isa = XCBuildConfiguration;
			buildSettings = {
				ASSETCATALOG_COMPILER_APPICON_NAME = AppIcon;
				INFOPLIST_FILE = SOLIDExample/Info.plist;
				LD_RUNPATH_SEARCH_PATHS = "$(inherited) @executable_path/Frameworks";
				PRODUCT_BUNDLE_IDENTIFIER = com.prolificinteractive.SOLIDExample;
				PRODUCT_NAME = "$(TARGET_NAME)";
			};
			name = Debug;
		};
		2F7301781C4575D2009932F8 /* Release */ = {
			isa = XCBuildConfiguration;
			buildSettings = {
				ASSETCATALOG_COMPILER_APPICON_NAME = AppIcon;
				INFOPLIST_FILE = SOLIDExample/Info.plist;
				LD_RUNPATH_SEARCH_PATHS = "$(inherited) @executable_path/Frameworks";
				PRODUCT_BUNDLE_IDENTIFIER = com.prolificinteractive.SOLIDExample;
				PRODUCT_NAME = "$(TARGET_NAME)";
			};
			name = Release;
		};
		2F73017A1C4575D2009932F8 /* Debug */ = {
			isa = XCBuildConfiguration;
			buildSettings = {
				BUNDLE_LOADER = "$(TEST_HOST)";
				INFOPLIST_FILE = SOLIDExampleTests/Info.plist;
				LD_RUNPATH_SEARCH_PATHS = "$(inherited) @executable_path/Frameworks @loader_path/Frameworks";
				PRODUCT_BUNDLE_IDENTIFIER = com.prolificinteractive.SOLIDExampleTests;
				PRODUCT_NAME = "$(TARGET_NAME)";
				TEST_HOST = "$(BUILT_PRODUCTS_DIR)/SOLIDExample.app/SOLIDExample";
			};
			name = Debug;
		};
		2F73017B1C4575D2009932F8 /* Release */ = {
			isa = XCBuildConfiguration;
			buildSettings = {
				BUNDLE_LOADER = "$(TEST_HOST)";
				INFOPLIST_FILE = SOLIDExampleTests/Info.plist;
				LD_RUNPATH_SEARCH_PATHS = "$(inherited) @executable_path/Frameworks @loader_path/Frameworks";
				PRODUCT_BUNDLE_IDENTIFIER = com.prolificinteractive.SOLIDExampleTests;
				PRODUCT_NAME = "$(TARGET_NAME)";
				TEST_HOST = "$(BUILT_PRODUCTS_DIR)/SOLIDExample.app/SOLIDExample";
			};
			name = Release;
		};
/* End XCBuildConfiguration section */

/* Begin XCConfigurationList section */
		2F7301541C4575D2009932F8 /* Build configuration list for PBXProject "SOLIDExample" */ = {
			isa = XCConfigurationList;
			buildConfigurations = (
				2F7301741C4575D2009932F8 /* Debug */,
				2F7301751C4575D2009932F8 /* Release */,
			);
			defaultConfigurationIsVisible = 0;
			defaultConfigurationName = Release;
		};
		2F7301761C4575D2009932F8 /* Build configuration list for PBXNativeTarget "SOLIDExample" */ = {
			isa = XCConfigurationList;
			buildConfigurations = (
				2F7301771C4575D2009932F8 /* Debug */,
				2F7301781C4575D2009932F8 /* Release */,
			);
			defaultConfigurationIsVisible = 0;
		};
		2F7301791C4575D2009932F8 /* Build configuration list for PBXNativeTarget "SOLIDExampleTests" */ = {
			isa = XCConfigurationList;
			buildConfigurations = (
				2F73017A1C4575D2009932F8 /* Debug */,
				2F73017B1C4575D2009932F8 /* Release */,
			);
			defaultConfigurationIsVisible = 0;
		};
/* End XCConfigurationList section */
	};
	rootObject = 2F7301511C4575D2009932F8 /* Project object */;
}
